// !$*UTF8*$!
{
	archiveVersion = 1;
	classes = {
	};
	objectVersion = 46;
	objects = {

/* Begin PBXBuildFile section */
		5A495CE01F12025300F0D399 /* main.m in Sources */ = {isa = PBXBuildFile; fileRef = 5A495CDF1F12025300F0D399 /* main.m */; };
		5A495CE31F12025300F0D399 /* AppDelegate.m in Sources */ = {isa = PBXBuildFile; fileRef = 5A495CE21F12025300F0D399 /* AppDelegate.m */; };
		5A495CE61F12025300F0D399 /* ViewController.m in Sources */ = {isa = PBXBuildFile; fileRef = 5A495CE51F12025300F0D399 /* ViewController.m */; };
		5A495CE91F12025300F0D399 /* Main.storyboard in Resources */ = {isa = PBXBuildFile; fileRef = 5A495CE71F12025300F0D399 /* Main.storyboard */; };
		5A495CEB1F12025300F0D399 /* Assets.xcassets in Resources */ = {isa = PBXBuildFile; fileRef = 5A495CEA1F12025300F0D399 /* Assets.xcassets */; };
		5A495CEE1F12025300F0D399 /* LaunchScreen.storyboard in Resources */ = {isa = PBXBuildFile; fileRef = 5A495CEC1F12025300F0D399 /* LaunchScreen.storyboard */; };
		5A495CF91F12025300F0D399 /* LimbViewTests.m in Sources */ = {isa = PBXBuildFile; fileRef = 5A495CF81F12025300F0D399 /* LimbViewTests.m */; };
		5A495D041F12025300F0D399 /* LimbViewUITests.m in Sources */ = {isa = PBXBuildFile; fileRef = 5A495D031F12025300F0D399 /* LimbViewUITests.m */; };
		5A495D131F12027100F0D399 /* LimbView.m in Sources */ = {isa = PBXBuildFile; fileRef = 5A495D121F12027100F0D399 /* LimbView.m */; };
		5A495D1A1F120C9C00F0D399 /* LimbCell.m in Sources */ = {isa = PBXBuildFile; fileRef = 5A495D181F120C9C00F0D399 /* LimbCell.m */; };
		5A495D1E1F122D7300F0D399 /* LimbLastCell.m in Sources */ = {isa = PBXBuildFile; fileRef = 5A495D1D1F122D7300F0D399 /* LimbLastCell.m */; };
		5A495D281F135E5300F0D399 /* UIColor+hexcolor.m in Sources */ = {isa = PBXBuildFile; fileRef = 5A495D271F135E5300F0D399 /* UIColor+hexcolor.m */; };
		5A495D2B1F1365E600F0D399 /* WLGradient.m in Sources */ = {isa = PBXBuildFile; fileRef = 5A495D2A1F1365E600F0D399 /* WLGradient.m */; };
/* End PBXBuildFile section */

/* Begin PBXContainerItemProxy section */
		5A495CF51F12025300F0D399 /* PBXContainerItemProxy */ = {
			isa = PBXContainerItemProxy;
			containerPortal = 5A495CD31F12025300F0D399 /* Project object */;
			proxyType = 1;
			remoteGlobalIDString = 5A495CDA1F12025300F0D399;
			remoteInfo = LimbView;
		};
		5A495D001F12025300F0D399 /* PBXContainerItemProxy */ = {
			isa = PBXContainerItemProxy;
			containerPortal = 5A495CD31F12025300F0D399 /* Project object */;
			proxyType = 1;
			remoteGlobalIDString = 5A495CDA1F12025300F0D399;
			remoteInfo = LimbView;
		};
/* End PBXContainerItemProxy section */

/* Begin PBXFileReference section */
		5A495CDB1F12025300F0D399 /* LimbView.app */ = {isa = PBXFileReference; explicitFileType = wrapper.application; includeInIndex = 0; path = LimbView.app; sourceTree = BUILT_PRODUCTS_DIR; };
		5A495CDF1F12025300F0D399 /* main.m */ = {isa = PBXFileReference; lastKnownFileType = sourcecode.c.objc; path = main.m; sourceTree = "<group>"; };
		5A495CE11F12025300F0D399 /* AppDelegate.h */ = {isa = PBXFileReference; lastKnownFileType = sourcecode.c.h; path = AppDelegate.h; sourceTree = "<group>"; };
		5A495CE21F12025300F0D399 /* AppDelegate.m */ = {isa = PBXFileReference; lastKnownFileType = sourcecode.c.objc; path = AppDelegate.m; sourceTree = "<group>"; };
		5A495CE41F12025300F0D399 /* ViewController.h */ = {isa = PBXFileReference; lastKnownFileType = sourcecode.c.h; path = ViewController.h; sourceTree = "<group>"; };
		5A495CE51F12025300F0D399 /* ViewController.m */ = {isa = PBXFileReference; lastKnownFileType = sourcecode.c.objc; path = ViewController.m; sourceTree = "<group>"; };
		5A495CE81F12025300F0D399 /* Base */ = {isa = PBXFileReference; lastKnownFileType = file.storyboard; name = Base; path = Base.lproj/Main.storyboard; sourceTree = "<group>"; };
		5A495CEA1F12025300F0D399 /* Assets.xcassets */ = {isa = PBXFileReference; lastKnownFileType = folder.assetcatalog; path = Assets.xcassets; sourceTree = "<group>"; };
		5A495CED1F12025300F0D399 /* Base */ = {isa = PBXFileReference; lastKnownFileType = file.storyboard; name = Base; path = Base.lproj/LaunchScreen.storyboard; sourceTree = "<group>"; };
		5A495CEF1F12025300F0D399 /* Info.plist */ = {isa = PBXFileReference; lastKnownFileType = text.plist.xml; path = Info.plist; sourceTree = "<group>"; };
		5A495CF41F12025300F0D399 /* LimbViewTests.xctest */ = {isa = PBXFileReference; explicitFileType = wrapper.cfbundle; includeInIndex = 0; path = LimbViewTests.xctest; sourceTree = BUILT_PRODUCTS_DIR; };
		5A495CF81F12025300F0D399 /* LimbViewTests.m */ = {isa = PBXFileReference; lastKnownFileType = sourcecode.c.objc; path = LimbViewTests.m; sourceTree = "<group>"; };
		5A495CFA1F12025300F0D399 /* Info.plist */ = {isa = PBXFileReference; lastKnownFileType = text.plist.xml; path = Info.plist; sourceTree = "<group>"; };
		5A495CFF1F12025300F0D399 /* LimbViewUITests.xctest */ = {isa = PBXFileReference; explicitFileType = wrapper.cfbundle; includeInIndex = 0; path = LimbViewUITests.xctest; sourceTree = BUILT_PRODUCTS_DIR; };
		5A495D031F12025300F0D399 /* LimbViewUITests.m */ = {isa = PBXFileReference; lastKnownFileType = sourcecode.c.objc; path = LimbViewUITests.m; sourceTree = "<group>"; };
		5A495D051F12025300F0D399 /* Info.plist */ = {isa = PBXFileReference; lastKnownFileType = text.plist.xml; path = Info.plist; sourceTree = "<group>"; };
		5A495D111F12027100F0D399 /* LimbView.h */ = {isa = PBXFileReference; fileEncoding = 4; lastKnownFileType = sourcecode.c.h; path = LimbView.h; sourceTree = "<group>"; };
		5A495D121F12027100F0D399 /* LimbView.m */ = {isa = PBXFileReference; fileEncoding = 4; lastKnownFileType = sourcecode.c.objc; path = LimbView.m; sourceTree = "<group>"; };
		5A495D171F120C9C00F0D399 /* LimbCell.h */ = {isa = PBXFileReference; fileEncoding = 4; lastKnownFileType = sourcecode.c.h; path = LimbCell.h; sourceTree = "<group>"; };
		5A495D181F120C9C00F0D399 /* LimbCell.m */ = {isa = PBXFileReference; fileEncoding = 4; lastKnownFileType = sourcecode.c.objc; path = LimbCell.m; sourceTree = "<group>"; };
		5A495D1C1F122D7300F0D399 /* LimbLastCell.h */ = {isa = PBXFileReference; fileEncoding = 4; lastKnownFileType = sourcecode.c.h; path = LimbLastCell.h; sourceTree = "<group>"; };
		5A495D1D1F122D7300F0D399 /* LimbLastCell.m */ = {isa = PBXFileReference; fileEncoding = 4; lastKnownFileType = sourcecode.c.objc; path = LimbLastCell.m; sourceTree = "<group>"; };
		5A495D261F135E5300F0D399 /* UIColor+hexcolor.h */ = {isa = PBXFileReference; fileEncoding = 4; lastKnownFileType = sourcecode.c.h; path = "UIColor+hexcolor.h"; sourceTree = "<group>"; };
		5A495D271F135E5300F0D399 /* UIColor+hexcolor.m */ = {isa = PBXFileReference; fileEncoding = 4; lastKnownFileType = sourcecode.c.objc; path = "UIColor+hexcolor.m"; sourceTree = "<group>"; };
		5A495D291F1365E600F0D399 /* WLGradient.h */ = {isa = PBXFileReference; fileEncoding = 4; lastKnownFileType = sourcecode.c.h; path = WLGradient.h; sourceTree = "<group>"; };
		5A495D2A1F1365E600F0D399 /* WLGradient.m */ = {isa = PBXFileReference; fileEncoding = 4; lastKnownFileType = sourcecode.c.objc; path = WLGradient.m; sourceTree = "<group>"; };
/* End PBXFileReference section */

/* Begin PBXFrameworksBuildPhase section */
		5A495CD81F12025300F0D399 /* Frameworks */ = {
			isa = PBXFrameworksBuildPhase;
			buildActionMask = 2147483647;
			files = (
			);
			runOnlyForDeploymentPostprocessing = 0;
		};
		5A495CF11F12025300F0D399 /* Frameworks */ = {
			isa = PBXFrameworksBuildPhase;
			buildActionMask = 2147483647;
			files = (
			);
			runOnlyForDeploymentPostprocessing = 0;
		};
		5A495CFC1F12025300F0D399 /* Frameworks */ = {
			isa = PBXFrameworksBuildPhase;
			buildActionMask = 2147483647;
			files = (
			);
			runOnlyForDeploymentPostprocessing = 0;
		};
/* End PBXFrameworksBuildPhase section */

/* Begin PBXGroup section */
		5A495CD21F12025300F0D399 = {
			isa = PBXGroup;
			children = (
				5A495CDD1F12025300F0D399 /* LimbView */,
				5A495CF71F12025300F0D399 /* LimbViewTests */,
				5A495D021F12025300F0D399 /* LimbViewUITests */,
				5A495CDC1F12025300F0D399 /* Products */,
			);
			sourceTree = "<group>";
		};
		5A495CDC1F12025300F0D399 /* Products */ = {
			isa = PBXGroup;
			children = (
				5A495CDB1F12025300F0D399 /* LimbView.app */,
				5A495CF41F12025300F0D399 /* LimbViewTests.xctest */,
				5A495CFF1F12025300F0D399 /* LimbViewUITests.xctest */,
			);
			name = Products;
			sourceTree = "<group>";
		};
		5A495CDD1F12025300F0D399 /* LimbView */ = {
			isa = PBXGroup;
			children = (
				5A495CE11F12025300F0D399 /* AppDelegate.h */,
				5A495CE21F12025300F0D399 /* AppDelegate.m */,
				5A495CE41F12025300F0D399 /* ViewController.h */,
				5A495CE51F12025300F0D399 /* ViewController.m */,
				5A495D111F12027100F0D399 /* LimbView.h */,
				5A495D121F12027100F0D399 /* LimbView.m */,
				5A495D171F120C9C00F0D399 /* LimbCell.h */,
				5A495D181F120C9C00F0D399 /* LimbCell.m */,
				5A495D1C1F122D7300F0D399 /* LimbLastCell.h */,
				5A495D1D1F122D7300F0D399 /* LimbLastCell.m */,
				5A495D261F135E5300F0D399 /* UIColor+hexcolor.h */,
				5A495D271F135E5300F0D399 /* UIColor+hexcolor.m */,
				5A495D291F1365E600F0D399 /* WLGradient.h */,
				5A495D2A1F1365E600F0D399 /* WLGradient.m */,
				5A495CE71F12025300F0D399 /* Main.storyboard */,
				5A495CEA1F12025300F0D399 /* Assets.xcassets */,
				5A495CEC1F12025300F0D399 /* LaunchScreen.storyboard */,
				5A495CEF1F12025300F0D399 /* Info.plist */,
				5A495CDE1F12025300F0D399 /* Supporting Files */,
			);
			path = LimbView;
			sourceTree = "<group>";
		};
		5A495CDE1F12025300F0D399 /* Supporting Files */ = {
			isa = PBXGroup;
			children = (
				5A495CDF1F12025300F0D399 /* main.m */,
			);
			name = "Supporting Files";
			sourceTree = "<group>";
		};
		5A495CF71F12025300F0D399 /* LimbViewTests */ = {
			isa = PBXGroup;
			children = (
				5A495CF81F12025300F0D399 /* LimbViewTests.m */,
				5A495CFA1F12025300F0D399 /* Info.plist */,
			);
			path = LimbViewTests;
			sourceTree = "<group>";
		};
		5A495D021F12025300F0D399 /* LimbViewUITests */ = {
			isa = PBXGroup;
			children = (
				5A495D031F12025300F0D399 /* LimbViewUITests.m */,
				5A495D051F12025300F0D399 /* Info.plist */,
			);
			path = LimbViewUITests;
			sourceTree = "<group>";
		};
/* End PBXGroup section */

/* Begin PBXNativeTarget section */
		5A495CDA1F12025300F0D399 /* LimbView */ = {
			isa = PBXNativeTarget;
			buildConfigurationList = 5A495D081F12025300F0D399 /* Build configuration list for PBXNativeTarget "LimbView" */;
			buildPhases = (
				5A495CD71F12025300F0D399 /* Sources */,
				5A495CD81F12025300F0D399 /* Frameworks */,
				5A495CD91F12025300F0D399 /* Resources */,
			);
			buildRules = (
			);
			dependencies = (
			);
			name = LimbView;
			productName = LimbView;
			productReference = 5A495CDB1F12025300F0D399 /* LimbView.app */;
			productType = "com.apple.product-type.application";
		};
		5A495CF31F12025300F0D399 /* LimbViewTests */ = {
			isa = PBXNativeTarget;
			buildConfigurationList = 5A495D0B1F12025300F0D399 /* Build configuration list for PBXNativeTarget "LimbViewTests" */;
			buildPhases = (
				5A495CF01F12025300F0D399 /* Sources */,
				5A495CF11F12025300F0D399 /* Frameworks */,
				5A495CF21F12025300F0D399 /* Resources */,
			);
			buildRules = (
			);
			dependencies = (
				5A495CF61F12025300F0D399 /* PBXTargetDependency */,
			);
			name = LimbViewTests;
			productName = LimbViewTests;
			productReference = 5A495CF41F12025300F0D399 /* LimbViewTests.xctest */;
			productType = "com.apple.product-type.bundle.unit-test";
		};
		5A495CFE1F12025300F0D399 /* LimbViewUITests */ = {
			isa = PBXNativeTarget;
			buildConfigurationList = 5A495D0E1F12025300F0D399 /* Build configuration list for PBXNativeTarget "LimbViewUITests" */;
			buildPhases = (
				5A495CFB1F12025300F0D399 /* Sources */,
				5A495CFC1F12025300F0D399 /* Frameworks */,
				5A495CFD1F12025300F0D399 /* Resources */,
			);
			buildRules = (
			);
			dependencies = (
				5A495D011F12025300F0D399 /* PBXTargetDependency */,
			);
			name = LimbViewUITests;
			productName = LimbViewUITests;
			productReference = 5A495CFF1F12025300F0D399 /* LimbViewUITests.xctest */;
			productType = "com.apple.product-type.bundle.ui-testing";
		};
/* End PBXNativeTarget section */

/* Begin PBXProject section */
		5A495CD31F12025300F0D399 /* Project object */ = {
			isa = PBXProject;
			attributes = {
				LastUpgradeCheck = 0820;
				ORGANIZATIONNAME = zhuanbei;
				TargetAttributes = {
					5A495CDA1F12025300F0D399 = {
						CreatedOnToolsVersion = 8.2.1;
						DevelopmentTeam = 975DMXYR6T;
						ProvisioningStyle = Automatic;
					};
					5A495CF31F12025300F0D399 = {
						CreatedOnToolsVersion = 8.2.1;
						DevelopmentTeam = 975DMXYR6T;
						ProvisioningStyle = Automatic;
						TestTargetID = 5A495CDA1F12025300F0D399;
					};
					5A495CFE1F12025300F0D399 = {
						CreatedOnToolsVersion = 8.2.1;
						DevelopmentTeam = 975DMXYR6T;
						ProvisioningStyle = Automatic;
						TestTargetID = 5A495CDA1F12025300F0D399;
					};
				};
			};
			buildConfigurationList = 5A495CD61F12025300F0D399 /* Build configuration list for PBXProject "LimbView" */;
			compatibilityVersion = "Xcode 3.2";
			developmentRegion = English;
			hasScannedForEncodings = 0;
			knownRegions = (
				en,
				Base,
			);
			mainGroup = 5A495CD21F12025300F0D399;
			productRefGroup = 5A495CDC1F12025300F0D399 /* Products */;
			projectDirPath = "";
			projectRoot = "";
			targets = (
				5A495CDA1F12025300F0D399 /* LimbView */,
				5A495CF31F12025300F0D399 /* LimbViewTests */,
				5A495CFE1F12025300F0D399 /* LimbViewUITests */,
			);
		};
/* End PBXProject section */

/* Begin PBXResourcesBuildPhase section */
		5A495CD91F12025300F0D399 /* Resources */ = {
			isa = PBXResourcesBuildPhase;
			buildActionMask = 2147483647;
			files = (
				5A495CEE1F12025300F0D399 /* LaunchScreen.storyboard in Resources */,
				5A495CEB1F12025300F0D399 /* Assets.xcassets in Resources */,
				5A495CE91F12025300F0D399 /* Main.storyboard in Resources */,
			);
			runOnlyForDeploymentPostprocessing = 0;
		};
		5A495CF21F12025300F0D399 /* Resources */ = {
			isa = PBXResourcesBuildPhase;
			buildActionMask = 2147483647;
			files = (
			);
			runOnlyForDeploymentPostprocessing = 0;
		};
		5A495CFD1F12025300F0D399 /* Resources */ = {
			isa = PBXResourcesBuildPhase;
			buildActionMask = 2147483647;
			files = (
			);
			runOnlyForDeploymentPostprocessing = 0;
		};
/* End PBXResourcesBuildPhase section */

/* Begin PBXSourcesBuildPhase section */
		5A495CD71F12025300F0D399 /* Sources */ = {
			isa = PBXSourcesBuildPhase;
			buildActionMask = 2147483647;
			files = (
				5A495D2B1F1365E600F0D399 /* WLGradient.m in Sources */,
				5A495D131F12027100F0D399 /* LimbView.m in Sources */,
				5A495CE61F12025300F0D399 /* ViewController.m in Sources */,
				5A495D281F135E5300F0D399 /* UIColor+hexcolor.m in Sources */,
				5A495CE31F12025300F0D399 /* AppDelegate.m in Sources */,
				5A495D1E1F122D7300F0D399 /* LimbLastCell.m in Sources */,
				5A495CE01F12025300F0D399 /* main.m in Sources */,
				5A495D1A1F120C9C00F0D399 /* LimbCell.m in Sources */,
			);
			runOnlyForDeploymentPostprocessing = 0;
		};
		5A495CF01F12025300F0D399 /* Sources */ = {
			isa = PBXSourcesBuildPhase;
			buildActionMask = 2147483647;
			files = (
				5A495CF91F12025300F0D399 /* LimbViewTests.m in Sources */,
			);
			runOnlyForDeploymentPostprocessing = 0;
		};
		5A495CFB1F12025300F0D399 /* Sources */ = {
			isa = PBXSourcesBuildPhase;
			buildActionMask = 2147483647;
			files = (
				5A495D041F12025300F0D399 /* LimbViewUITests.m in Sources */,
			);
			runOnlyForDeploymentPostprocessing = 0;
		};
/* End PBXSourcesBuildPhase section */

/* Begin PBXTargetDependency section */
		5A495CF61F12025300F0D399 /* PBXTargetDependency */ = {
			isa = PBXTargetDependency;
			target = 5A495CDA1F12025300F0D399 /* LimbView */;
			targetProxy = 5A495CF51F12025300F0D399 /* PBXContainerItemProxy */;
		};
		5A495D011F12025300F0D399 /* PBXTargetDependency */ = {
			isa = PBXTargetDependency;
			target = 5A495CDA1F12025300F0D399 /* LimbView */;
			targetProxy = 5A495D001F12025300F0D399 /* PBXContainerItemProxy */;
		};
/* End PBXTargetDependency section */

/* Begin PBXVariantGroup section */
		5A495CE71F12025300F0D399 /* Main.storyboard */ = {
			isa = PBXVariantGroup;
			children = (
				5A495CE81F12025300F0D399 /* Base */,
			);
			name = Main.storyboard;
			sourceTree = "<group>";
		};
		5A495CEC1F12025300F0D399 /* LaunchScreen.storyboard */ = {
			isa = PBXVariantGroup;
			children = (
				5A495CED1F12025300F0D399 /* Base */,
			);
			name = LaunchScreen.storyboard;
			sourceTree = "<group>";
		};
/* End PBXVariantGroup section */

/* Begin XCBuildConfiguration section */
		5A495D061F12025300F0D399 /* Debug */ = {
			isa = XCBuildConfiguration;
			buildSettings = {
				ALWAYS_SEARCH_USER_PATHS = NO;
				CLANG_ANALYZER_NONNULL = YES;
				CLANG_CXX_LANGUAGE_STANDARD = "gnu++0x";
				CLANG_CXX_LIBRARY = "libc++";
				CLANG_ENABLE_MODULES = YES;
				CLANG_ENABLE_OBJC_ARC = YES;
				CLANG_WARN_BOOL_CONVERSION = YES;
				CLANG_WARN_CONSTANT_CONVERSION = YES;
				CLANG_WARN_DIRECT_OBJC_ISA_USAGE = YES_ERROR;
				CLANG_WARN_DOCUMENTATION_COMMENTS = YES;
				CLANG_WARN_EMPTY_BODY = YES;
				CLANG_WARN_ENUM_CONVERSION = YES;
				CLANG_WARN_INFINITE_RECURSION = YES;
				CLANG_WARN_INT_CONVERSION = YES;
				CLANG_WARN_OBJC_ROOT_CLASS = YES_ERROR;
				CLANG_WARN_SUSPICIOUS_MOVE = YES;
				CLANG_WARN_UNREACHABLE_CODE = YES;
				CLANG_WARN__DUPLICATE_METHOD_MATCH = YES;
				"CODE_SIGN_IDENTITY[sdk=iphoneos*]" = "iPhone Developer";
				COPY_PHASE_STRIP = NO;
				DEBUG_INFORMATION_FORMAT = dwarf;
				ENABLE_STRICT_OBJC_MSGSEND = YES;
				ENABLE_TESTABILITY = YES;
				GCC_C_LANGUAGE_STANDARD = gnu99;
				GCC_DYNAMIC_NO_PIC = NO;
				GCC_NO_COMMON_BLOCKS = YES;
				GCC_OPTIMIZATION_LEVEL = 0;
				GCC_PREPROCESSOR_DEFINITIONS = (
					"DEBUG=1",
					"$(inherited)",
				);
				GCC_WARN_64_TO_32_BIT_CONVERSION = YES;
				GCC_WARN_ABOUT_RETURN_TYPE = YES_ERROR;
				GCC_WARN_UNDECLARED_SELECTOR = YES;
				GCC_WARN_UNINITIALIZED_AUTOS = YES_AGGRESSIVE;
				GCC_WARN_UNUSED_FUNCTION = YES;
				GCC_WARN_UNUSED_VARIABLE = YES;
				IPHONEOS_DEPLOYMENT_TARGET = 10.2;
				MTL_ENABLE_DEBUG_INFO = YES;
				ONLY_ACTIVE_ARCH = YES;
				SDKROOT = iphoneos;
				TARGETED_DEVICE_FAMILY = "1,2";
			};
			name = Debug;
		};
		5A495D071F12025300F0D399 /* Release */ = {
			isa = XCBuildConfiguration;
			buildSettings = {
				ALWAYS_SEARCH_USER_PATHS = NO;
				CLANG_ANALYZER_NONNULL = YES;
				CLANG_CXX_LANGUAGE_STANDARD = "gnu++0x";
				CLANG_CXX_LIBRARY = "libc++";
				CLANG_ENABLE_MODULES = YES;
				CLANG_ENABLE_OBJC_ARC = YES;
				CLANG_WARN_BOOL_CONVERSION = YES;
				CLANG_WARN_CONSTANT_CONVERSION = YES;
				CLANG_WARN_DIRECT_OBJC_ISA_USAGE = YES_ERROR;
				CLANG_WARN_DOCUMENTATION_COMMENTS = YES;
				CLANG_WARN_EMPTY_BODY = YES;
				CLANG_WARN_ENUM_CONVERSION = YES;
				CLANG_WARN_INFINITE_RECURSION = YES;
				CLANG_WARN_INT_CONVERSION = YES;
				CLANG_WARN_OBJC_ROOT_CLASS = YES_ERROR;
				CLANG_WARN_SUSPICIOUS_MOVE = YES;
				CLANG_WARN_UNREACHABLE_CODE = YES;
				CLANG_WARN__DUPLICATE_METHOD_MATCH = YES;
				"CODE_SIGN_IDENTITY[sdk=iphoneos*]" = "iPhone Developer";
				COPY_PHASE_STRIP = NO;
				DEBUG_INFORMATION_FORMAT = "dwarf-with-dsym";
				ENABLE_NS_ASSERTIONS = NO;
				ENABLE_STRICT_OBJC_MSGSEND = YES;
				GCC_C_LANGUAGE_STANDARD = gnu99;
				GCC_NO_COMMON_BLOCKS = YES;
				GCC_WARN_64_TO_32_BIT_CONVERSION = YES;
				GCC_WARN_ABOUT_RETURN_TYPE = YES_ERROR;
				GCC_WARN_UNDECLARED_SELECTOR = YES;
				GCC_WARN_UNINITIALIZED_AUTOS = YES_AGGRESSIVE;
				GCC_WARN_UNUSED_FUNCTION = YES;
				GCC_WARN_UNUSED_VARIABLE = YES;
				IPHONEOS_DEPLOYMENT_TARGET = 10.2;
				MTL_ENABLE_DEBUG_INFO = NO;
				SDKROOT = iphoneos;
				TARGETED_DEVICE_FAMILY = "1,2";
				VALIDATE_PRODUCT = YES;
			};
			name = Release;
		};
		5A495D091F12025300F0D399 /* Debug */ = {
			isa = XCBuildConfiguration;
			buildSettings = {
				ASSETCATALOG_COMPILER_APPICON_NAME = AppIcon;
				DEVELOPMENT_TEAM = 975DMXYR6T;
				INFOPLIST_FILE = LimbView/Info.plist;
				LD_RUNPATH_SEARCH_PATHS = "$(inherited) @executable_path/Frameworks";
				PRODUCT_BUNDLE_IDENTIFIER = zhuanbei.LimbView;
				PRODUCT_NAME = "$(TARGET_NAME)";
			};
			name = Debug;
		};
		5A495D0A1F12025300F0D399 /* Release */ = {
			isa = XCBuildConfiguration;
			buildSettings = {
				ASSETCATALOG_COMPILER_APPICON_NAME = AppIcon;
				DEVELOPMENT_TEAM = 975DMXYR6T;
				INFOPLIST_FILE = LimbView/Info.plist;
				LD_RUNPATH_SEARCH_PATHS = "$(inherited) @executable_path/Frameworks";
				PRODUCT_BUNDLE_IDENTIFIER = zhuanbei.LimbView;
				PRODUCT_NAME = "$(TARGET_NAME)";
			};
			name = Release;
		};
		5A495D0C1F12025300F0D399 /* Debug */ = {
			isa = XCBuildConfiguration;
			buildSettings = {
				BUNDLE_LOADER = "$(TEST_HOST)";
				DEVELOPMENT_TEAM = 975DMXYR6T;
				INFOPLIST_FILE = LimbViewTests/Info.plist;
				LD_RUNPATH_SEARCH_PATHS = "$(inherited) @executable_path/Frameworks @loader_path/Frameworks";
				PRODUCT_BUNDLE_IDENTIFIER = zhuanbei.LimbViewTests;
				PRODUCT_NAME = "$(TARGET_NAME)";
				TEST_HOST = "$(BUILT_PRODUCTS_DIR)/LimbView.app/LimbView";
			};
			name = Debug;
		};
		5A495D0D1F12025300F0D399 /* Release */ = {
			isa = XCBuildConfiguration;
			buildSettings = {
				BUNDLE_LOADER = "$(TEST_HOST)";
				DEVELOPMENT_TEAM = 975DMXYR6T;
				INFOPLIST_FILE = LimbViewTests/Info.plist;
				LD_RUNPATH_SEARCH_PATHS = "$(inherited) @executable_path/Frameworks @loader_path/Frameworks";
				PRODUCT_BUNDLE_IDENTIFIER = zhuanbei.LimbViewTests;
				PRODUCT_NAME = "$(TARGET_NAME)";
				TEST_HOST = "$(BUILT_PRODUCTS_DIR)/LimbView.app/LimbView";
			};
			name = Release;
		};
		5A495D0F1F12025300F0D399 /* Debug */ = {
			isa = XCBuildConfiguration;
			buildSettings = {
				DEVELOPMENT_TEAM = 975DMXYR6T;
				INFOPLIST_FILE = LimbViewUITests/Info.plist;
				LD_RUNPATH_SEARCH_PATHS = "$(inherited) @executable_path/Frameworks @loader_path/Frameworks";
				PRODUCT_BUNDLE_IDENTIFIER = zhuanbei.LimbViewUITests;
				PRODUCT_NAME = "$(TARGET_NAME)";
				TEST_TARGET_NAME = LimbView;
			};
			name = Debug;
		};
		5A495D101F12025300F0D399 /* Release */ = {
			isa = XCBuildConfiguration;
			buildSettings = {
				DEVELOPMENT_TEAM = 975DMXYR6T;
				INFOPLIST_FILE = LimbViewUITests/Info.plist;
				LD_RUNPATH_SEARCH_PATHS = "$(inherited) @executable_path/Frameworks @loader_path/Frameworks";
				PRODUCT_BUNDLE_IDENTIFIER = zhuanbei.LimbViewUITests;
				PRODUCT_NAME = "$(TARGET_NAME)";
				TEST_TARGET_NAME = LimbView;
			};
			name = Release;
		};
/* End XCBuildConfiguration section */

/* Begin XCConfigurationList section */
		5A495CD61F12025300F0D399 /* Build configuration list for PBXProject "LimbView" */ = {
			isa = XCConfigurationList;
			buildConfigurations = (
				5A495D061F12025300F0D399 /* Debug */,
				5A495D071F12025300F0D399 /* Release */,
			);
			defaultConfigurationIsVisible = 0;
			defaultConfigurationName = Release;
		};
		5A495D081F12025300F0D399 /* Build configuration list for PBXNativeTarget "LimbView" */ = {
			isa = XCConfigurationList;
			buildConfigurations = (
				5A495D091F12025300F0D399 /* Debug */,
				5A495D0A1F12025300F0D399 /* Release */,
			);
			defaultConfigurationIsVisible = 0;
			defaultConfigurationName = Release;
		};
		5A495D0B1F12025300F0D399 /* Build configuration list for PBXNativeTarget "LimbViewTests" */ = {
			isa = XCConfigurationList;
			buildConfigurations = (
				5A495D0C1F12025300F0D399 /* Debug */,
				5A495D0D1F12025300F0D399 /* Release */,
			);
			defaultConfigurationIsVisible = 0;
			defaultConfigurationName = Release;
		};
		5A495D0E1F12025300F0D399 /* Build configuration list for PBXNativeTarget "LimbViewUITests" */ = {
			isa = XCConfigurationList;
			buildConfigurations = (
				5A495D0F1F12025300F0D399 /* Debug */,
				5A495D101F12025300F0D399 /* Release */,
			);
			defaultConfigurationIsVisible = 0;
			defaultConfigurationName = Release;
		};
/* End XCConfigurationList section */
	};
	rootObject = 5A495CD31F12025300F0D399 /* Project object */;
}
